// !$*UTF8*$!
{
	archiveVersion = 1;
	classes = {
	};
	objectVersion = 50;
	objects = {

/* Begin PBXBuildFile section */
		1440968023BAA07A00A53114 /* AppDelegate.swift in Sources */ = {isa = PBXBuildFile; fileRef = 1440967F23BAA07A00A53114 /* AppDelegate.swift */; };
		1440968223BAA07A00A53114 /* SceneDelegate.swift in Sources */ = {isa = PBXBuildFile; fileRef = 1440968123BAA07A00A53114 /* SceneDelegate.swift */; };
		1440968423BAA07A00A53114 /* ViewController.swift in Sources */ = {isa = PBXBuildFile; fileRef = 1440968323BAA07A00A53114 /* ViewController.swift */; };
		1440968923BAA07C00A53114 /* Assets.xcassets in Resources */ = {isa = PBXBuildFile; fileRef = 1440968823BAA07C00A53114 /* Assets.xcassets */; };
		1440968C23BAA07C00A53114 /* LaunchScreen.storyboard in Resources */ = {isa = PBXBuildFile; fileRef = 1440968A23BAA07C00A53114 /* LaunchScreen.storyboard */; };
		1440969723BAA07D00A53114 /* GHUsersTests.swift in Sources */ = {isa = PBXBuildFile; fileRef = 1440969623BAA07D00A53114 /* GHUsersTests.swift */; };
/* End PBXBuildFile section */

/* Begin PBXContainerItemProxy section */
		1440969323BAA07D00A53114 /* PBXContainerItemProxy */ = {
			isa = PBXContainerItemProxy;
			containerPortal = 1440967423BAA07900A53114 /* Project object */;
			proxyType = 1;
			remoteGlobalIDString = 1440967B23BAA07900A53114;
			remoteInfo = GHUsers;
		};
/* End PBXContainerItemProxy section */

/* Begin PBXFileReference section */
		1440967C23BAA07A00A53114 /* GHUsers.app */ = {isa = PBXFileReference; explicitFileType = wrapper.application; includeInIndex = 0; path = GHUsers.app; sourceTree = BUILT_PRODUCTS_DIR; };
		1440967F23BAA07A00A53114 /* AppDelegate.swift */ = {isa = PBXFileReference; lastKnownFileType = sourcecode.swift; path = AppDelegate.swift; sourceTree = "<group>"; };
		1440968123BAA07A00A53114 /* SceneDelegate.swift */ = {isa = PBXFileReference; lastKnownFileType = sourcecode.swift; path = SceneDelegate.swift; sourceTree = "<group>"; };
		1440968323BAA07A00A53114 /* ViewController.swift */ = {isa = PBXFileReference; lastKnownFileType = sourcecode.swift; path = ViewController.swift; sourceTree = "<group>"; };
		1440968823BAA07C00A53114 /* Assets.xcassets */ = {isa = PBXFileReference; lastKnownFileType = folder.assetcatalog; path = Assets.xcassets; sourceTree = "<group>"; };
		1440968B23BAA07C00A53114 /* Base */ = {isa = PBXFileReference; lastKnownFileType = file.storyboard; name = Base; path = Base.lproj/LaunchScreen.storyboard; sourceTree = "<group>"; };
		1440968D23BAA07C00A53114 /* Info.plist */ = {isa = PBXFileReference; lastKnownFileType = text.plist.xml; path = Info.plist; sourceTree = "<group>"; };
		1440969223BAA07D00A53114 /* GHUsersTests.xctest */ = {isa = PBXFileReference; explicitFileType = wrapper.cfbundle; includeInIndex = 0; path = GHUsersTests.xctest; sourceTree = BUILT_PRODUCTS_DIR; };
		1440969623BAA07D00A53114 /* GHUsersTests.swift */ = {isa = PBXFileReference; lastKnownFileType = sourcecode.swift; path = GHUsersTests.swift; sourceTree = "<group>"; };
		1440969823BAA07D00A53114 /* Info.plist */ = {isa = PBXFileReference; lastKnownFileType = text.plist.xml; path = Info.plist; sourceTree = "<group>"; };
/* End PBXFileReference section */

/* Begin PBXFrameworksBuildPhase section */
		1440967923BAA07900A53114 /* Frameworks */ = {
			isa = PBXFrameworksBuildPhase;
			buildActionMask = 2147483647;
			files = (
			);
			runOnlyForDeploymentPostprocessing = 0;
		};
		1440968F23BAA07D00A53114 /* Frameworks */ = {
			isa = PBXFrameworksBuildPhase;
			buildActionMask = 2147483647;
			files = (
			);
			runOnlyForDeploymentPostprocessing = 0;
		};
/* End PBXFrameworksBuildPhase section */

/* Begin PBXGroup section */
		1440967323BAA07900A53114 = {
			isa = PBXGroup;
			children = (
				1440967E23BAA07A00A53114 /* GHUsers */,
				1440969523BAA07D00A53114 /* GHUsersTests */,
				1440967D23BAA07A00A53114 /* Products */,
			);
			sourceTree = "<group>";
		};
		1440967D23BAA07A00A53114 /* Products */ = {
			isa = PBXGroup;
			children = (
				1440967C23BAA07A00A53114 /* GHUsers.app */,
				1440969223BAA07D00A53114 /* GHUsersTests.xctest */,
			);
			name = Products;
			sourceTree = "<group>";
		};
		1440967E23BAA07A00A53114 /* GHUsers */ = {
			isa = PBXGroup;
			children = (
				1440967F23BAA07A00A53114 /* AppDelegate.swift */,
				1440968123BAA07A00A53114 /* SceneDelegate.swift */,
				1440968323BAA07A00A53114 /* ViewController.swift */,
				1440968823BAA07C00A53114 /* Assets.xcassets */,
				1440968A23BAA07C00A53114 /* LaunchScreen.storyboard */,
				1440968D23BAA07C00A53114 /* Info.plist */,
			);
			path = GHUsers;
			sourceTree = "<group>";
		};
		1440969523BAA07D00A53114 /* GHUsersTests */ = {
			isa = PBXGroup;
			children = (
				1440969623BAA07D00A53114 /* GHUsersTests.swift */,
				1440969823BAA07D00A53114 /* Info.plist */,
			);
			path = GHUsersTests;
			sourceTree = "<group>";
		};
/* End PBXGroup section */

/* Begin PBXNativeTarget section */
		1440967B23BAA07900A53114 /* GHUsers */ = {
			isa = PBXNativeTarget;
			buildConfigurationList = 1440969B23BAA07D00A53114 /* Build configuration list for PBXNativeTarget "GHUsers" */;
			buildPhases = (
				1440967823BAA07900A53114 /* Sources */,
				1440967923BAA07900A53114 /* Frameworks */,
				1440967A23BAA07900A53114 /* Resources */,
			);
			buildRules = (
			);
			dependencies = (
			);
			name = GHUsers;
			productName = GHUsers;
			productReference = 1440967C23BAA07A00A53114 /* GHUsers.app */;
			productType = "com.apple.product-type.application";
		};
		1440969123BAA07D00A53114 /* GHUsersTests */ = {
			isa = PBXNativeTarget;
			buildConfigurationList = 1440969E23BAA07D00A53114 /* Build configuration list for PBXNativeTarget "GHUsersTests" */;
			buildPhases = (
				1440968E23BAA07D00A53114 /* Sources */,
				1440968F23BAA07D00A53114 /* Frameworks */,
				1440969023BAA07D00A53114 /* Resources */,
			);
			buildRules = (
			);
			dependencies = (
				1440969423BAA07D00A53114 /* PBXTargetDependency */,
			);
			name = GHUsersTests;
			productName = GHUsersTests;
			productReference = 1440969223BAA07D00A53114 /* GHUsersTests.xctest */;
			productType = "com.apple.product-type.bundle.unit-test";
		};
/* End PBXNativeTarget section */

/* Begin PBXProject section */
		1440967423BAA07900A53114 /* Project object */ = {
			isa = PBXProject;
			attributes = {
				LastSwiftUpdateCheck = 1110;
				LastUpgradeCheck = 1110;
				ORGANIZATIONNAME = X;
				TargetAttributes = {
					1440967B23BAA07900A53114 = {
						CreatedOnToolsVersion = 11.1;
					};
					1440969123BAA07D00A53114 = {
						CreatedOnToolsVersion = 11.1;
						TestTargetID = 1440967B23BAA07900A53114;
					};
				};
			};
			buildConfigurationList = 1440967723BAA07900A53114 /* Build configuration list for PBXProject "GHUsers" */;
			compatibilityVersion = "Xcode 9.3";
			developmentRegion = en;
			hasScannedForEncodings = 0;
			knownRegions = (
				en,
				Base,
			);
			mainGroup = 1440967323BAA07900A53114;
			productRefGroup = 1440967D23BAA07A00A53114 /* Products */;
			projectDirPath = "";
			projectRoot = "";
			targets = (
				1440967B23BAA07900A53114 /* GHUsers */,
				1440969123BAA07D00A53114 /* GHUsersTests */,
			);
		};
/* End PBXProject section */

/* Begin PBXResourcesBuildPhase section */
		1440967A23BAA07900A53114 /* Resources */ = {
			isa = PBXResourcesBuildPhase;
			buildActionMask = 2147483647;
			files = (
				1440968C23BAA07C00A53114 /* LaunchScreen.storyboard in Resources */,
				1440968923BAA07C00A53114 /* Assets.xcassets in Resources */,
			);
			runOnlyForDeploymentPostprocessing = 0;
		};
		1440969023BAA07D00A53114 /* Resources */ = {
			isa = PBXResourcesBuildPhase;
			buildActionMask = 2147483647;
			files = (
			);
			runOnlyForDeploymentPostprocessing = 0;
		};
/* End PBXResourcesBuildPhase section */

/* Begin PBXSourcesBuildPhase section */
		1440967823BAA07900A53114 /* Sources */ = {
			isa = PBXSourcesBuildPhase;
			buildActionMask = 2147483647;
			files = (
				1440968423BAA07A00A53114 /* ViewController.swift in Sources */,
				1440968023BAA07A00A53114 /* AppDelegate.swift in Sources */,
				1440968223BAA07A00A53114 /* SceneDelegate.swift in Sources */,
			);
			runOnlyForDeploymentPostprocessing = 0;
		};
		1440968E23BAA07D00A53114 /* Sources */ = {
			isa = PBXSourcesBuildPhase;
			buildActionMask = 2147483647;
			files = (
				1440969723BAA07D00A53114 /* GHUsersTests.swift in Sources */,
			);
			runOnlyForDeploymentPostprocessing = 0;
		};
/* End PBXSourcesBuildPhase section */

/* Begin PBXTargetDependency section */
		1440969423BAA07D00A53114 /* PBXTargetDependency */ = {
			isa = PBXTargetDependency;
			target = 1440967B23BAA07900A53114 /* GHUsers */;
			targetProxy = 1440969323BAA07D00A53114 /* PBXContainerItemProxy */;
		};
/* End PBXTargetDependency section */

/* Begin PBXVariantGroup section */
		1440968A23BAA07C00A53114 /* LaunchScreen.storyboard */ = {
			isa = PBXVariantGroup;
			children = (
				1440968B23BAA07C00A53114 /* Base */,
			);
			name = LaunchScreen.storyboard;
			sourceTree = "<group>";
		};
/* End PBXVariantGroup section */

/* Begin XCBuildConfiguration section */
		1440969923BAA07D00A53114 /* Debug */ = {
			isa = XCBuildConfiguration;
			buildSettings = {
				ALWAYS_SEARCH_USER_PATHS = NO;
				CLANG_ANALYZER_NONNULL = YES;
				CLANG_ANALYZER_NUMBER_OBJECT_CONVERSION = YES_AGGRESSIVE;
				CLANG_CXX_LANGUAGE_STANDARD = "gnu++14";
				CLANG_CXX_LIBRARY = "libc++";
				CLANG_ENABLE_MODULES = YES;
				CLANG_ENABLE_OBJC_ARC = YES;
				CLANG_ENABLE_OBJC_WEAK = YES;
				CLANG_WARN_BLOCK_CAPTURE_AUTORELEASING = YES;
				CLANG_WARN_BOOL_CONVERSION = YES;
				CLANG_WARN_COMMA = YES;
				CLANG_WARN_CONSTANT_CONVERSION = YES;
				CLANG_WARN_DEPRECATED_OBJC_IMPLEMENTATIONS = YES;
				CLANG_WARN_DIRECT_OBJC_ISA_USAGE = YES_ERROR;
				CLANG_WARN_DOCUMENTATION_COMMENTS = YES;
				CLANG_WARN_EMPTY_BODY = YES;
				CLANG_WARN_ENUM_CONVERSION = YES;
				CLANG_WARN_INFINITE_RECURSION = YES;
				CLANG_WARN_INT_CONVERSION = YES;
				CLANG_WARN_NON_LITERAL_NULL_CONVERSION = YES;
				CLANG_WARN_OBJC_IMPLICIT_RETAIN_SELF = YES;
				CLANG_WARN_OBJC_LITERAL_CONVERSION = YES;
				CLANG_WARN_OBJC_ROOT_CLASS = YES_ERROR;
				CLANG_WARN_RANGE_LOOP_ANALYSIS = YES;
				CLANG_WARN_STRICT_PROTOTYPES = YES;
				CLANG_WARN_SUSPICIOUS_MOVE = YES;
				CLANG_WARN_UNGUARDED_AVAILABILITY = YES_AGGRESSIVE;
				CLANG_WARN_UNREACHABLE_CODE = YES;
				CLANG_WARN__DUPLICATE_METHOD_MATCH = YES;
				COPY_PHASE_STRIP = NO;
				DEBUG_INFORMATION_FORMAT = dwarf;
				ENABLE_STRICT_OBJC_MSGSEND = YES;
				ENABLE_TESTABILITY = YES;
				GCC_C_LANGUAGE_STANDARD = gnu11;
				GCC_DYNAMIC_NO_PIC = NO;
				GCC_NO_COMMON_BLOCKS = YES;
				GCC_OPTIMIZATION_LEVEL = 0;
				GCC_PREPROCESSOR_DEFINITIONS = (
					"DEBUG=1",
					"$(inherited)",
				);
				GCC_WARN_64_TO_32_BIT_CONVERSION = YES;
				GCC_WARN_ABOUT_RETURN_TYPE = YES_ERROR;
				GCC_WARN_UNDECLARED_SELECTOR = YES;
				GCC_WARN_UNINITIALIZED_AUTOS = YES_AGGRESSIVE;
				GCC_WARN_UNUSED_FUNCTION = YES;
				GCC_WARN_UNUSED_VARIABLE = YES;
				IPHONEOS_DEPLOYMENT_TARGET = 13.1;
				MTL_ENABLE_DEBUG_INFO = INCLUDE_SOURCE;
				MTL_FAST_MATH = YES;
				ONLY_ACTIVE_ARCH = YES;
				SDKROOT = iphoneos;
				SWIFT_ACTIVE_COMPILATION_CONDITIONS = DEBUG;
				SWIFT_OPTIMIZATION_LEVEL = "-Onone";
			};
			name = Debug;
		};
		1440969A23BAA07D00A53114 /* Release */ = {
			isa = XCBuildConfiguration;
			buildSettings = {
				ALWAYS_SEARCH_USER_PATHS = NO;
				CLANG_ANALYZER_NONNULL = YES;
				CLANG_ANALYZER_NUMBER_OBJECT_CONVERSION = YES_AGGRESSIVE;
				CLANG_CXX_LANGUAGE_STANDARD = "gnu++14";
				CLANG_CXX_LIBRARY = "libc++";
				CLANG_ENABLE_MODULES = YES;
				CLANG_ENABLE_OBJC_ARC = YES;
				CLANG_ENABLE_OBJC_WEAK = YES;
				CLANG_WARN_BLOCK_CAPTURE_AUTORELEASING = YES;
				CLANG_WARN_BOOL_CONVERSION = YES;
				CLANG_WARN_COMMA = YES;
				CLANG_WARN_CONSTANT_CONVERSION = YES;
				CLANG_WARN_DEPRECATED_OBJC_IMPLEMENTATIONS = YES;
				CLANG_WARN_DIRECT_OBJC_ISA_USAGE = YES_ERROR;
				CLANG_WARN_DOCUMENTATION_COMMENTS = YES;
				CLANG_WARN_EMPTY_BODY = YES;
				CLANG_WARN_ENUM_CONVERSION = YES;
				CLANG_WARN_INFINITE_RECURSION = YES;
				CLANG_WARN_INT_CONVERSION = YES;
				CLANG_WARN_NON_LITERAL_NULL_CONVERSION = YES;
				CLANG_WARN_OBJC_IMPLICIT_RETAIN_SELF = YES;
				CLANG_WARN_OBJC_LITERAL_CONVERSION = YES;
				CLANG_WARN_OBJC_ROOT_CLASS = YES_ERROR;
				CLANG_WARN_RANGE_LOOP_ANALYSIS = YES;
				CLANG_WARN_STRICT_PROTOTYPES = YES;
				CLANG_WARN_SUSPICIOUS_MOVE = YES;
				CLANG_WARN_UNGUARDED_AVAILABILITY = YES_AGGRESSIVE;
				CLANG_WARN_UNREACHABLE_CODE = YES;
				CLANG_WARN__DUPLICATE_METHOD_MATCH = YES;
				COPY_PHASE_STRIP = NO;
				DEBUG_INFORMATION_FORMAT = "dwarf-with-dsym";
				ENABLE_NS_ASSERTIONS = NO;
				ENABLE_STRICT_OBJC_MSGSEND = YES;
				GCC_C_LANGUAGE_STANDARD = gnu11;
				GCC_NO_COMMON_BLOCKS = YES;
				GCC_WARN_64_TO_32_BIT_CONVERSION = YES;
				GCC_WARN_ABOUT_RETURN_TYPE = YES_ERROR;
				GCC_WARN_UNDECLARED_SELECTOR = YES;
				GCC_WARN_UNINITIALIZED_AUTOS = YES_AGGRESSIVE;
				GCC_WARN_UNUSED_FUNCTION = YES;
				GCC_WARN_UNUSED_VARIABLE = YES;
				IPHONEOS_DEPLOYMENT_TARGET = 13.1;
				MTL_ENABLE_DEBUG_INFO = NO;
				MTL_FAST_MATH = YES;
				SDKROOT = iphoneos;
				SWIFT_COMPILATION_MODE = wholemodule;
				SWIFT_OPTIMIZATION_LEVEL = "-O";
				VALIDATE_PRODUCT = YES;
			};
			name = Release;
		};
		1440969C23BAA07D00A53114 /* Debug */ = {
			isa = XCBuildConfiguration;
			buildSettings = {
				ASSETCATALOG_COMPILER_APPICON_NAME = AppIcon;
				CODE_SIGN_STYLE = Automatic;
				DEVELOPMENT_TEAM = 28XXG6S5AU;
				INFOPLIST_FILE = GHUsers/Info.plist;
				LD_RUNPATH_SEARCH_PATHS = (
					"$(inherited)",
					"@executable_path/Frameworks",
				);
				PRODUCT_BUNDLE_IDENTIFIER = com.nefedov.denis.GHUsers;
				PRODUCT_NAME = "$(TARGET_NAME)";
				SWIFT_VERSION = 5.0;
				TARGETED_DEVICE_FAMILY = 1;
			};
			name = Debug;
		};
		1440969D23BAA07D00A53114 /* Release */ = {
			isa = XCBuildConfiguration;
			buildSettings = {
				ASSETCATALOG_COMPILER_APPICON_NAME = AppIcon;
				CODE_SIGN_STYLE = Automatic;
				DEVELOPMENT_TEAM = 28XXG6S5AU;
				INFOPLIST_FILE = GHUsers/Info.plist;
				LD_RUNPATH_SEARCH_PATHS = (
					"$(inherited)",
					"@executable_path/Frameworks",
				);
				PRODUCT_BUNDLE_IDENTIFIER = com.nefedov.denis.GHUsers;
				PRODUCT_NAME = "$(TARGET_NAME)";
				SWIFT_VERSION = 5.0;
				TARGETED_DEVICE_FAMILY = 1;
			};
			name = Release;
		};
		1440969F23BAA07D00A53114 /* Debug */ = {
			isa = XCBuildConfiguration;
			buildSettings = {
				ALWAYS_EMBED_SWIFT_STANDARD_LIBRARIES = YES;
				BUNDLE_LOADER = "$(TEST_HOST)";
				CODE_SIGN_STYLE = Automatic;
				DEVELOPMENT_TEAM = 28XXG6S5AU;
				INFOPLIST_FILE = GHUsersTests/Info.plist;
				IPHONEOS_DEPLOYMENT_TARGET = 13.1;
				LD_RUNPATH_SEARCH_PATHS = (
					"$(inherited)",
					"@executable_path/Frameworks",
					"@loader_path/Frameworks",
				);
				PRODUCT_BUNDLE_IDENTIFIER = com.nefedov.denis.GHUsersTests;
				PRODUCT_NAME = "$(TARGET_NAME)";
				SWIFT_VERSION = 5.0;
				TARGETED_DEVICE_FAMILY = "1,2";
				TEST_HOST = "$(BUILT_PRODUCTS_DIR)/GHUsers.app/GHUsers";
			};
			name = Debug;
		};
		144096A023BAA07D00A53114 /* Release */ = {
			isa = XCBuildConfiguration;
			buildSettings = {
				ALWAYS_EMBED_SWIFT_STANDARD_LIBRARIES = YES;
				BUNDLE_LOADER = "$(TEST_HOST)";
				CODE_SIGN_STYLE = Automatic;
				DEVELOPMENT_TEAM = 28XXG6S5AU;
				INFOPLIST_FILE = GHUsersTests/Info.plist;
				IPHONEOS_DEPLOYMENT_TARGET = 13.1;
				LD_RUNPATH_SEARCH_PATHS = (
					"$(inherited)",
					"@executable_path/Frameworks",
					"@loader_path/Frameworks",
				);
				PRODUCT_BUNDLE_IDENTIFIER = com.nefedov.denis.GHUsersTests;
				PRODUCT_NAME = "$(TARGET_NAME)";
				SWIFT_VERSION = 5.0;
				TARGETED_DEVICE_FAMILY = "1,2";
				TEST_HOST = "$(BUILT_PRODUCTS_DIR)/GHUsers.app/GHUsers";
			};
			name = Release;
		};
/* End XCBuildConfiguration section */

/* Begin XCConfigurationList section */
		1440967723BAA07900A53114 /* Build configuration list for PBXProject "GHUsers" */ = {
			isa = XCConfigurationList;
			buildConfigurations = (
				1440969923BAA07D00A53114 /* Debug */,
				1440969A23BAA07D00A53114 /* Release */,
			);
			defaultConfigurationIsVisible = 0;
			defaultConfigurationName = Release;
		};
		1440969B23BAA07D00A53114 /* Build configuration list for PBXNativeTarget "GHUsers" */ = {
			isa = XCConfigurationList;
			buildConfigurations = (
				1440969C23BAA07D00A53114 /* Debug */,
				1440969D23BAA07D00A53114 /* Release */,
			);
			defaultConfigurationIsVisible = 0;
			defaultConfigurationName = Release;
		};
		1440969E23BAA07D00A53114 /* Build configuration list for PBXNativeTarget "GHUsersTests" */ = {
			isa = XCConfigurationList;
			buildConfigurations = (
				1440969F23BAA07D00A53114 /* Debug */,
				144096A023BAA07D00A53114 /* Release */,
			);
			defaultConfigurationIsVisible = 0;
			defaultConfigurationName = Release;
		};
/* End XCConfigurationList section */
	};
	rootObject = 1440967423BAA07900A53114 /* Project object */;
}
